
Microsoft Visual Studio Solution File, Format Version 12.00
# Visual Studio 15
VisualStudioVersion = 15.0.26228.12
MinimumVisualStudioVersion = 10.0.40219.1
Project("{FAE04EC0-301F-11D3-BF4B-00C04F79EFBC}") = "Staytus.Api", "Staytus.Api\Staytus.Api.csproj", "{5C3EE0D3-D4E4-44FC-B438-168A844F8792}"
EndProject
Project("{FAE04EC0-301F-11D3-BF4B-00C04F79EFBC}") = "Staytus.Api.Tests", "Staytus.Api.Tests\Staytus.Api.Tests.csproj", "{7A854DDB-315C-4084-A4DA-681FE412524A}"
EndProject
Global
	GlobalSection(SolutionConfigurationPlatforms) = preSolution
		Debug|Any CPU = Debug|Any CPU
		Release|Any CPU = Release|Any CPU
	EndGlobalSection
	GlobalSection(ProjectConfigurationPlatforms) = postSolution
		{5C3EE0D3-D4E4-44FC-B438-168A844F8792}.Debug|Any CPU.ActiveCfg = Debug|Any CPU
		{5C3EE0D3-D4E4-44FC-B438-168A844F8792}.Debug|Any CPU.Build.0 = Debug|Any CPU
		{5C3EE0D3-D4E4-44FC-B438-168A844F8792}.Release|Any CPU.ActiveCfg = Release|Any CPU
		{5C3EE0D3-D4E4-44FC-B438-168A844F8792}.Release|Any CPU.Build.0 = Release|Any CPU
		{7A854DDB-315C-4084-A4DA-681FE412524A}.Debug|Any CPU.ActiveCfg = Debug|Any CPU
		{7A854DDB-315C-4084-A4DA-681FE412524A}.Debug|Any CPU.Build.0 = Debug|Any CPU
		{7A854DDB-315C-4084-A4DA-681FE412524A}.Release|Any CPU.ActiveCfg = Release|Any CPU
		{7A854DDB-315C-4084-A4DA-681FE412524A}.Release|Any CPU.Build.0 = Release|Any CPU
	EndGlobalSection
	GlobalSection(SolutionProperties) = preSolution
		HideSolutionNode = FALSE
	EndGlobalSection
EndGlobal
